
Microsoft Visual Studio Solution File, Format Version 12.00
# Visual Studio Version 17
VisualStudioVersion = 17.4.33213.308
MinimumVisualStudioVersion = 10.0.40219.1
Project("{8BC9CEB8-8B4A-11D0-8D11-00A0C91BC942}") = "ABC", "ABC\ABC.vcxproj", "{23BCA568-A582-439E-925C-F3C80D6336DE}"
EndProject
Global
	GlobalSection(SolutionConfigurationPlatforms) = preSolution
		Debug|x64 = Debug|x64
		Debug|x86 = Debug|x86
		Release|x64 = Release|x64
		Release|x86 = Release|x86
	EndGlobalSection
	GlobalSection(ProjectConfigurationPlatforms) = postSolution
		{23BCA568-A582-439E-925C-F3C80D6336DE}.Debug|x64.ActiveCfg = Debug|x64
		{23BCA568-A582-439E-925C-F3C80D6336DE}.Debug|x64.Build.0 = Debug|x64
		{23BCA568-A582-439E-925C-F3C80D6336DE}.Debug|x86.ActiveCfg = Debug|Win32
		{23BCA568-A582-439E-925C-F3C80D6336DE}.Debug|x86.Build.0 = Debug|Win32
		{23BCA568-A582-439E-925C-F3C80D6336DE}.Release|x64.ActiveCfg = Release|x64
		{23BCA568-A582-439E-925C-F3C80D6336DE}.Release|x64.Build.0 = Release|x64
		{23BCA568-A582-439E-925C-F3C80D6336DE}.Release|x86.ActiveCfg = Release|Win32
		{23BCA568-A582-439E-925C-F3C80D6336DE}.Release|x86.Build.0 = Release|Win32
	EndGlobalSection
	GlobalSection(SolutionProperties) = preSolution
		HideSolutionNode = FALSE
	EndGlobalSection
	GlobalSection(ExtensibilityGlobals) = postSolution
		SolutionGuid = {1E7FD2B1-D11F-4005-887D-E2B328794A30}
	EndGlobalSection
EndGlobal
